
Microsoft Visual Studio Solution File, Format Version 12.00
# Visual Studio Version 17
VisualStudioVersion = 17.10.35013.160
MinimumVisualStudioVersion = 10.0.40219.1
Project("{FAE04EC0-301F-11D3-BF4B-00C04F79EFBC}") = "WebApplicationApiMap_LGLA", "WebApplicationApiMap_LGLA\WebApplicationApiMap_LGLA.csproj", "{110A859E-48DC-439C-B98F-DFE1E1981FCC}"
EndProject
Global
	GlobalSection(SolutionConfigurationPlatforms) = preSolution
		Debug|Any CPU = Debug|Any CPU
		Release|Any CPU = Release|Any CPU
	EndGlobalSection
	GlobalSection(ProjectConfigurationPlatforms) = postSolution
		{110A859E-48DC-439C-B98F-DFE1E1981FCC}.Debug|Any CPU.ActiveCfg = Debug|Any CPU
		{110A859E-48DC-439C-B98F-DFE1E1981FCC}.Debug|Any CPU.Build.0 = Debug|Any CPU
		{110A859E-48DC-439C-B98F-DFE1E1981FCC}.Release|Any CPU.ActiveCfg = Release|Any CPU
		{110A859E-48DC-439C-B98F-DFE1E1981FCC}.Release|Any CPU.Build.0 = Release|Any CPU
	EndGlobalSection
	GlobalSection(SolutionProperties) = preSolution
		HideSolutionNode = FALSE
	EndGlobalSection
	GlobalSection(ExtensibilityGlobals) = postSolution
		SolutionGuid = {5F5F751E-EB5C-4D96-8987-70D8D470FBF3}
	EndGlobalSection
EndGlobal
